
Microsoft Visual Studio Solution File, Format Version 12.00
# Visual Studio Version 17
VisualStudioVersion = 17.7.34024.191
MinimumVisualStudioVersion = 10.0.40219.1
Project("{FAE04EC0-301F-11D3-BF4B-00C04F79EFBC}") = "dbtest", "dbtest\dbtest.csproj", "{23019C14-5C6C-44D2-82C0-2E411B533BDC}"
EndProject
Global
	GlobalSection(SolutionConfigurationPlatforms) = preSolution
		Debug|Any CPU = Debug|Any CPU
		Release|Any CPU = Release|Any CPU
	EndGlobalSection
	GlobalSection(ProjectConfigurationPlatforms) = postSolution
		{23019C14-5C6C-44D2-82C0-2E411B533BDC}.Debug|Any CPU.ActiveCfg = Debug|Any CPU
		{23019C14-5C6C-44D2-82C0-2E411B533BDC}.Debug|Any CPU.Build.0 = Debug|Any CPU
		{23019C14-5C6C-44D2-82C0-2E411B533BDC}.Release|Any CPU.ActiveCfg = Release|Any CPU
		{23019C14-5C6C-44D2-82C0-2E411B533BDC}.Release|Any CPU.Build.0 = Release|Any CPU
	EndGlobalSection
	GlobalSection(SolutionProperties) = preSolution
		HideSolutionNode = FALSE
	EndGlobalSection
	GlobalSection(ExtensibilityGlobals) = postSolution
		SolutionGuid = {E94FA092-5C69-4DE7-B874-D84DE50248D0}
	EndGlobalSection
EndGlobal
